
Microsoft Visual Studio Solution File, Format Version 12.00
# Visual Studio 15
VisualStudioVersion = 15.0.26430.13
MinimumVisualStudioVersion = 10.0.40219.1
Project("{FAE04EC0-301F-11D3-BF4B-00C04F79EFBC}") = "ASP.NET Core MVC Server", "ASP.NET Core MVC Server\ASP.NET Core MVC Server.csproj", "{CCA4A636-A466-4355-94A8-33B106B676B5}"
EndProject
Project("{9A19103F-16F7-4668-BE54-9A1E7A4F7556}") = "pbXNet.NETCore", "..\pbX\pbXNet.NETCore\pbXNet.NETCore.csproj", "{24342DB9-2679-486F-9EB6-0DC86DABB57E}"
EndProject
Global
	GlobalSection(SolutionConfigurationPlatforms) = preSolution
		Debug|Any CPU = Debug|Any CPU
		Release|Any CPU = Release|Any CPU
	EndGlobalSection
	GlobalSection(ProjectConfigurationPlatforms) = postSolution
		{CCA4A636-A466-4355-94A8-33B106B676B5}.Debug|Any CPU.ActiveCfg = Debug|Any CPU
		{CCA4A636-A466-4355-94A8-33B106B676B5}.Debug|Any CPU.Build.0 = Debug|Any CPU
		{CCA4A636-A466-4355-94A8-33B106B676B5}.Release|Any CPU.ActiveCfg = Release|Any CPU
		{CCA4A636-A466-4355-94A8-33B106B676B5}.Release|Any CPU.Build.0 = Release|Any CPU
		{24342DB9-2679-486F-9EB6-0DC86DABB57E}.Debug|Any CPU.ActiveCfg = Debug|Any CPU
		{24342DB9-2679-486F-9EB6-0DC86DABB57E}.Debug|Any CPU.Build.0 = Debug|Any CPU
		{24342DB9-2679-486F-9EB6-0DC86DABB57E}.Release|Any CPU.ActiveCfg = Release|Any CPU
		{24342DB9-2679-486F-9EB6-0DC86DABB57E}.Release|Any CPU.Build.0 = Release|Any CPU
	EndGlobalSection
	GlobalSection(SolutionProperties) = preSolution
		HideSolutionNode = FALSE
	EndGlobalSection
EndGlobal
